
Microsoft Visual Studio Solution File, Format Version 12.00
# Visual Studio Version 17
VisualStudioVersion = 17.13.35931.197 d17.13
MinimumVisualStudioVersion = 10.0.40219.1
Project("{FAE04EC0-301F-11D3-BF4B-00C04F79EFBC}") = "model_training", "model_training\model_training.csproj", "{F8FC7B17-8F6D-4A51-A417-2BA84E8881C3}"
EndProject
Global
	GlobalSection(SolutionConfigurationPlatforms) = preSolution
		Debug|Any CPU = Debug|Any CPU
		Release|Any CPU = Release|Any CPU
	EndGlobalSection
	GlobalSection(ProjectConfigurationPlatforms) = postSolution
		{F8FC7B17-8F6D-4A51-A417-2BA84E8881C3}.Debug|Any CPU.ActiveCfg = Debug|Any CPU
		{F8FC7B17-8F6D-4A51-A417-2BA84E8881C3}.Debug|Any CPU.Build.0 = Debug|Any CPU
		{F8FC7B17-8F6D-4A51-A417-2BA84E8881C3}.Release|Any CPU.ActiveCfg = Release|Any CPU
		{F8FC7B17-8F6D-4A51-A417-2BA84E8881C3}.Release|Any CPU.Build.0 = Release|Any CPU
	EndGlobalSection
	GlobalSection(SolutionProperties) = preSolution
		HideSolutionNode = FALSE
	EndGlobalSection
	GlobalSection(ExtensibilityGlobals) = postSolution
		SolutionGuid = {E431DF00-E829-4139-B856-9A6BE82E055D}
	EndGlobalSection
EndGlobal
